// !$*UTF8*$!
{
	archiveVersion = 1;
	classes = {
	};
	objectVersion = 51;
	objects = {

/* Begin PBXBuildFile section */
		5245721C2367E099007D2008 /* Models.swift in Sources */ = {isa = PBXBuildFile; fileRef = 5245721B2367E099007D2008 /* Models.swift */; };
		5257C02823661662009F4826 /* BaseView.swift in Sources */ = {isa = PBXBuildFile; fileRef = 5257C02723661662009F4826 /* BaseView.swift */; };
		5257C02C2366174D009F4826 /* DetailFoodView.swift in Sources */ = {isa = PBXBuildFile; fileRef = 5257C02B2366174D009F4826 /* DetailFoodView.swift */; };
		5257C02E236618FF009F4826 /* DetailsFoodViewController.swift in Sources */ = {isa = PBXBuildFile; fileRef = 5257C02D236618FF009F4826 /* DetailsFoodViewController.swift */; };
		5257C03223661992009F4826 /* RestaurantTableViewController.swift in Sources */ = {isa = PBXBuildFile; fileRef = 5257C03123661992009F4826 /* RestaurantTableViewController.swift */; };
		5257C035236619DB009F4826 /* RestaurantTableTableViewCell.swift in Sources */ = {isa = PBXBuildFile; fileRef = 5257C034236619DB009F4826 /* RestaurantTableTableViewCell.swift */; };
		5257C03923661AC3009F4826 /* LocationView.swift in Sources */ = {isa = PBXBuildFile; fileRef = 5257C03823661AC3009F4826 /* LocationView.swift */; };
		5257C03B23661B80009F4826 /* LocationViewController.swift in Sources */ = {isa = PBXBuildFile; fileRef = 5257C03A23661B80009F4826 /* LocationViewController.swift */; };
		5258E1F3236294890037037F /* AppDelegate.swift in Sources */ = {isa = PBXBuildFile; fileRef = 5258E1F2236294890037037F /* AppDelegate.swift */; };
		5258E1F7236294890037037F /* ViewController.swift in Sources */ = {isa = PBXBuildFile; fileRef = 5258E1F6236294890037037F /* ViewController.swift */; };
		5258E1FA236294890037037F /* Main.storyboard in Resources */ = {isa = PBXBuildFile; fileRef = 5258E1F8236294890037037F /* Main.storyboard */; };
		5258E1FC2362948A0037037F /* Assets.xcassets in Resources */ = {isa = PBXBuildFile; fileRef = 5258E1FB2362948A0037037F /* Assets.xcassets */; };
		5258E1FF2362948A0037037F /* LaunchScreen.storyboard in Resources */ = {isa = PBXBuildFile; fileRef = 5258E1FD2362948A0037037F /* LaunchScreen.storyboard */; };
		52966A5123666B6D00740CA4 /* LocationServices.swift in Sources */ = {isa = PBXBuildFile; fileRef = 52966A5023666B6D00740CA4 /* LocationServices.swift */; };
		83534B7E2CCDC7065DF1F2E6 /* Pods_restaurant.framework in Frameworks */ = {isa = PBXBuildFile; fileRef = 46F02E3CF9FB23FFE221D8E5 /* Pods_restaurant.framework */; };
		8378F0F12367666F0033001A /* Podfile in Resources */ = {isa = PBXBuildFile; fileRef = 8378F0F02367666F0033001A /* Podfile */; };
		8378F0F3236769100033001A /* NetworkService.swift in Sources */ = {isa = PBXBuildFile; fileRef = 8378F0F2236769100033001A /* NetworkService.swift */; };
/* End PBXBuildFile section */

/* Begin PBXFileReference section */
		30FBC7FD17F3C140AE7AA077 /* Pods-restaurant.debug.xcconfig */ = {isa = PBXFileReference; includeInIndex = 1; lastKnownFileType = text.xcconfig; name = "Pods-restaurant.debug.xcconfig"; path = "Target Support Files/Pods-restaurant/Pods-restaurant.debug.xcconfig"; sourceTree = "<group>"; };
		46F02E3CF9FB23FFE221D8E5 /* Pods_restaurant.framework */ = {isa = PBXFileReference; explicitFileType = wrapper.framework; includeInIndex = 0; path = Pods_restaurant.framework; sourceTree = BUILT_PRODUCTS_DIR; };
		5245721B2367E099007D2008 /* Models.swift */ = {isa = PBXFileReference; lastKnownFileType = sourcecode.swift; path = Models.swift; sourceTree = "<group>"; };
		5257C02723661662009F4826 /* BaseView.swift */ = {isa = PBXFileReference; lastKnownFileType = sourcecode.swift; path = BaseView.swift; sourceTree = "<group>"; };
		5257C02B2366174D009F4826 /* DetailFoodView.swift */ = {isa = PBXFileReference; lastKnownFileType = sourcecode.swift; path = DetailFoodView.swift; sourceTree = "<group>"; };
		5257C02D236618FF009F4826 /* DetailsFoodViewController.swift */ = {isa = PBXFileReference; lastKnownFileType = sourcecode.swift; path = DetailsFoodViewController.swift; sourceTree = "<group>"; };
		5257C03123661992009F4826 /* RestaurantTableViewController.swift */ = {isa = PBXFileReference; lastKnownFileType = sourcecode.swift; path = RestaurantTableViewController.swift; sourceTree = "<group>"; };
		5257C034236619DB009F4826 /* RestaurantTableTableViewCell.swift */ = {isa = PBXFileReference; lastKnownFileType = sourcecode.swift; path = RestaurantTableTableViewCell.swift; sourceTree = "<group>"; };
		5257C03823661AC3009F4826 /* LocationView.swift */ = {isa = PBXFileReference; lastKnownFileType = sourcecode.swift; path = LocationView.swift; sourceTree = "<group>"; };
		5257C03A23661B80009F4826 /* LocationViewController.swift */ = {isa = PBXFileReference; lastKnownFileType = sourcecode.swift; path = LocationViewController.swift; sourceTree = "<group>"; };
		5258E1EF236294890037037F /* restaurant.app */ = {isa = PBXFileReference; explicitFileType = wrapper.application; includeInIndex = 0; path = restaurant.app; sourceTree = BUILT_PRODUCTS_DIR; };
		5258E1F2236294890037037F /* AppDelegate.swift */ = {isa = PBXFileReference; lastKnownFileType = sourcecode.swift; path = AppDelegate.swift; sourceTree = "<group>"; };
		5258E1F6236294890037037F /* ViewController.swift */ = {isa = PBXFileReference; lastKnownFileType = sourcecode.swift; path = ViewController.swift; sourceTree = "<group>"; };
		5258E1F9236294890037037F /* Base */ = {isa = PBXFileReference; lastKnownFileType = file.storyboard; name = Base; path = Base.lproj/Main.storyboard; sourceTree = "<group>"; };
		5258E1FB2362948A0037037F /* Assets.xcassets */ = {isa = PBXFileReference; lastKnownFileType = folder.assetcatalog; path = Assets.xcassets; sourceTree = "<group>"; };
		5258E1FE2362948A0037037F /* Base */ = {isa = PBXFileReference; lastKnownFileType = file.storyboard; name = Base; path = Base.lproj/LaunchScreen.storyboard; sourceTree = "<group>"; };
		5258E2002362948A0037037F /* Info.plist */ = {isa = PBXFileReference; lastKnownFileType = text.plist.xml; path = Info.plist; sourceTree = "<group>"; };
		52966A5023666B6D00740CA4 /* LocationServices.swift */ = {isa = PBXFileReference; lastKnownFileType = sourcecode.swift; path = LocationServices.swift; sourceTree = "<group>"; };
		8378F0F02367666F0033001A /* Podfile */ = {isa = PBXFileReference; lastKnownFileType = text; path = Podfile; sourceTree = "<group>"; xcLanguageSpecificationIdentifier = xcode.lang.ruby; };
		8378F0F2236769100033001A /* NetworkService.swift */ = {isa = PBXFileReference; lastKnownFileType = sourcecode.swift; path = NetworkService.swift; sourceTree = "<group>"; };
		FC8A1218316920532786072B /* Pods-restaurant.release.xcconfig */ = {isa = PBXFileReference; includeInIndex = 1; lastKnownFileType = text.xcconfig; name = "Pods-restaurant.release.xcconfig"; path = "Target Support Files/Pods-restaurant/Pods-restaurant.release.xcconfig"; sourceTree = "<group>"; };
/* End PBXFileReference section */

/* Begin PBXFrameworksBuildPhase section */
		5258E1EC236294890037037F /* Frameworks */ = {
			isa = PBXFrameworksBuildPhase;
			buildActionMask = 2147483647;
			files = (
				83534B7E2CCDC7065DF1F2E6 /* Pods_restaurant.framework in Frameworks */,
			);
			runOnlyForDeploymentPostprocessing = 0;
		};
/* End PBXFrameworksBuildPhase section */

/* Begin PBXGroup section */
		5257C02623661652009F4826 /* Screen */ = {
			isa = PBXGroup;
			children = (
				5257C03623661A96009F4826 /* Location */,
				5257C03023661950009F4826 /* List */,
				5257C02923661728009F4826 /* Details */,
				5257C02723661662009F4826 /* BaseView.swift */,
			);
			path = Screen;
			sourceTree = "<group>";
		};
		5257C02923661728009F4826 /* Details */ = {
			isa = PBXGroup;
			children = (
				5257C02A23661738009F4826 /* Views */,
				5257C02D236618FF009F4826 /* DetailsFoodViewController.swift */,
			);
			path = Details;
			sourceTree = "<group>";
		};
		5257C02A23661738009F4826 /* Views */ = {
			isa = PBXGroup;
			children = (
				5257C02B2366174D009F4826 /* DetailFoodView.swift */,
			);
			path = Views;
			sourceTree = "<group>";
		};
		5257C03023661950009F4826 /* List */ = {
			isa = PBXGroup;
			children = (
				5257C033236619AE009F4826 /* Views */,
				5257C03123661992009F4826 /* RestaurantTableViewController.swift */,
				5245721B2367E099007D2008 /* Models.swift */,
			);
			path = List;
			sourceTree = "<group>";
		};
		5257C033236619AE009F4826 /* Views */ = {
			isa = PBXGroup;
			children = (
				5257C034236619DB009F4826 /* RestaurantTableTableViewCell.swift */,
			);
			path = Views;
			sourceTree = "<group>";
		};
		5257C03623661A96009F4826 /* Location */ = {
			isa = PBXGroup;
			children = (
				5257C03723661AA9009F4826 /* Views */,
				5257C03A23661B80009F4826 /* LocationViewController.swift */,
			);
			path = Location;
			sourceTree = "<group>";
		};
		5257C03723661AA9009F4826 /* Views */ = {
			isa = PBXGroup;
			children = (
				5257C03823661AC3009F4826 /* LocationView.swift */,
			);
			path = Views;
			sourceTree = "<group>";
		};
		5258E1E6236294890037037F = {
			isa = PBXGroup;
			children = (
				8378F0F02367666F0033001A /* Podfile */,
				5258E1F1236294890037037F /* restaurant */,
				5258E1F0236294890037037F /* Products */,
				7D97714D8AF71D51B1FE18D5 /* Pods */,
				E2D36EF7EE0CFF54E2796177 /* Frameworks */,
			);
			sourceTree = "<group>";
		};
		5258E1F0236294890037037F /* Products */ = {
			isa = PBXGroup;
			children = (
				5258E1EF236294890037037F /* restaurant.app */,
			);
			name = Products;
			sourceTree = "<group>";
		};
		5258E1F1236294890037037F /* restaurant */ = {
			isa = PBXGroup;
			children = (
				52966A4F23666B4E00740CA4 /* Services */,
				5257C02623661652009F4826 /* Screen */,
				5258E1F2236294890037037F /* AppDelegate.swift */,
				5258E1F6236294890037037F /* ViewController.swift */,
				5258E1F8236294890037037F /* Main.storyboard */,
				5258E1FB2362948A0037037F /* Assets.xcassets */,
				5258E1FD2362948A0037037F /* LaunchScreen.storyboard */,
				5258E2002362948A0037037F /* Info.plist */,
			);
			path = restaurant;
			sourceTree = "<group>";
		};
		52966A4F23666B4E00740CA4 /* Services */ = {
			isa = PBXGroup;
			children = (
				52966A5023666B6D00740CA4 /* LocationServices.swift */,
				8378F0F2236769100033001A /* NetworkService.swift */,
			);
			path = Services;
			sourceTree = "<group>";
		};
		7D97714D8AF71D51B1FE18D5 /* Pods */ = {
			isa = PBXGroup;
			children = (
				30FBC7FD17F3C140AE7AA077 /* Pods-restaurant.debug.xcconfig */,
				FC8A1218316920532786072B /* Pods-restaurant.release.xcconfig */,
			);
			path = Pods;
			sourceTree = "<group>";
		};
		E2D36EF7EE0CFF54E2796177 /* Frameworks */ = {
			isa = PBXGroup;
			children = (
				46F02E3CF9FB23FFE221D8E5 /* Pods_restaurant.framework */,
			);
			name = Frameworks;
			sourceTree = "<group>";
		};
/* End PBXGroup section */

/* Begin PBXNativeTarget section */
		5258E1EE236294890037037F /* restaurant */ = {
			isa = PBXNativeTarget;
			buildConfigurationList = 5258E2032362948A0037037F /* Build configuration list for PBXNativeTarget "restaurant" */;
			buildPhases = (
				2D7ABD5865300F21831E28C9 /* [CP] Check Pods Manifest.lock */,
				5258E1EB236294890037037F /* Sources */,
				5258E1EC236294890037037F /* Frameworks */,
				5258E1ED236294890037037F /* Resources */,
				FAB606387A50EB3040AAF7C2 /* [CP] Embed Pods Frameworks */,
			);
			buildRules = (
			);
			dependencies = (
			);
			name = restaurant;
			productName = restaurant;
			productReference = 5258E1EF236294890037037F /* restaurant.app */;
			productType = "com.apple.product-type.application";
		};
/* End PBXNativeTarget section */

/* Begin PBXProject section */
		5258E1E7236294890037037F /* Project object */ = {
			isa = PBXProject;
			attributes = {
				LastSwiftUpdateCheck = 1110;
				LastUpgradeCheck = 1110;
				ORGANIZATIONNAME = Celeste;
				TargetAttributes = {
					5258E1EE236294890037037F = {
						CreatedOnToolsVersion = 11.1;
					};
				};
			};
			buildConfigurationList = 5258E1EA236294890037037F /* Build configuration list for PBXProject "restaurant" */;
			compatibilityVersion = "Xcode 9.3";
			developmentRegion = en;
			hasScannedForEncodings = 0;
			knownRegions = (
				en,
				Base,
			);
			mainGroup = 5258E1E6236294890037037F;
			productRefGroup = 5258E1F0236294890037037F /* Products */;
			projectDirPath = "";
			projectRoot = "";
			targets = (
				5258E1EE236294890037037F /* restaurant */,
			);
		};
/* End PBXProject section */

/* Begin PBXResourcesBuildPhase section */
		5258E1ED236294890037037F /* Resources */ = {
			isa = PBXResourcesBuildPhase;
			buildActionMask = 2147483647;
			files = (
				5258E1FF2362948A0037037F /* LaunchScreen.storyboard in Resources */,
				5258E1FC2362948A0037037F /* Assets.xcassets in Resources */,
				8378F0F12367666F0033001A /* Podfile in Resources */,
				5258E1FA236294890037037F /* Main.storyboard in Resources */,
			);
			runOnlyForDeploymentPostprocessing = 0;
		};
/* End PBXResourcesBuildPhase section */

/* Begin PBXShellScriptBuildPhase section */
		2D7ABD5865300F21831E28C9 /* [CP] Check Pods Manifest.lock */ = {
			isa = PBXShellScriptBuildPhase;
			buildActionMask = 2147483647;
			files = (
			);
			inputFileListPaths = (
			);
			inputPaths = (
				"${PODS_PODFILE_DIR_PATH}/Podfile.lock",
				"${PODS_ROOT}/Manifest.lock",
			);
			name = "[CP] Check Pods Manifest.lock";
			outputFileListPaths = (
			);
			outputPaths = (
				"$(DERIVED_FILE_DIR)/Pods-restaurant-checkManifestLockResult.txt",
			);
			runOnlyForDeploymentPostprocessing = 0;
			shellPath = /bin/sh;
			shellScript = "diff \"${PODS_PODFILE_DIR_PATH}/Podfile.lock\" \"${PODS_ROOT}/Manifest.lock\" > /dev/null\nif [ $? != 0 ] ; then\n    # print error to STDERR\n    echo \"error: The sandbox is not in sync with the Podfile.lock. Run 'pod install' or update your CocoaPods installation.\" >&2\n    exit 1\nfi\n# This output is used by Xcode 'outputs' to avoid re-running this script phase.\necho \"SUCCESS\" > \"${SCRIPT_OUTPUT_FILE_0}\"\n";
			showEnvVarsInLog = 0;
		};
		FAB606387A50EB3040AAF7C2 /* [CP] Embed Pods Frameworks */ = {
			isa = PBXShellScriptBuildPhase;
			buildActionMask = 2147483647;
			files = (
			);
			inputFileListPaths = (
				"${PODS_ROOT}/Target Support Files/Pods-restaurant/Pods-restaurant-frameworks-${CONFIGURATION}-input-files.xcfilelist",
			);
			name = "[CP] Embed Pods Frameworks";
			outputFileListPaths = (
				"${PODS_ROOT}/Target Support Files/Pods-restaurant/Pods-restaurant-frameworks-${CONFIGURATION}-output-files.xcfilelist",
			);
			runOnlyForDeploymentPostprocessing = 0;
			shellPath = /bin/sh;
			shellScript = "\"${PODS_ROOT}/Target Support Files/Pods-restaurant/Pods-restaurant-frameworks.sh\"\n";
			showEnvVarsInLog = 0;
		};
/* End PBXShellScriptBuildPhase section */

/* Begin PBXSourcesBuildPhase section */
		5258E1EB236294890037037F /* Sources */ = {
			isa = PBXSourcesBuildPhase;
			buildActionMask = 2147483647;
			files = (
				8378F0F3236769100033001A /* NetworkService.swift in Sources */,
				52966A5123666B6D00740CA4 /* LocationServices.swift in Sources */,
				5257C02C2366174D009F4826 /* DetailFoodView.swift in Sources */,
				5245721C2367E099007D2008 /* Models.swift in Sources */,
				5258E1F7236294890037037F /* ViewController.swift in Sources */,
				5257C03223661992009F4826 /* RestaurantTableViewController.swift in Sources */,
				5258E1F3236294890037037F /* AppDelegate.swift in Sources */,
				5257C03B23661B80009F4826 /* LocationViewController.swift in Sources */,
				5257C035236619DB009F4826 /* RestaurantTableTableViewCell.swift in Sources */,
				5257C02823661662009F4826 /* BaseView.swift in Sources */,
				5257C03923661AC3009F4826 /* LocationView.swift in Sources */,
				5257C02E236618FF009F4826 /* DetailsFoodViewController.swift in Sources */,
			);
			runOnlyForDeploymentPostprocessing = 0;
		};
/* End PBXSourcesBuildPhase section */

/* Begin PBXVariantGroup section */
		5258E1F8236294890037037F /* Main.storyboard */ = {
			isa = PBXVariantGroup;
			children = (
				5258E1F9236294890037037F /* Base */,
			);
			name = Main.storyboard;
			sourceTree = "<group>";
		};
		5258E1FD2362948A0037037F /* LaunchScreen.storyboard */ = {
			isa = PBXVariantGroup;
			children = (
				5258E1FE2362948A0037037F /* Base */,
			);
			name = LaunchScreen.storyboard;
			sourceTree = "<group>";
		};
/* End PBXVariantGroup section */

/* Begin XCBuildConfiguration section */
		5258E2012362948A0037037F /* Debug */ = {
			isa = XCBuildConfiguration;
			buildSettings = {
				ALWAYS_SEARCH_USER_PATHS = NO;
				CLANG_ANALYZER_NONNULL = YES;
				CLANG_ANALYZER_NUMBER_OBJECT_CONVERSION = YES_AGGRESSIVE;
				CLANG_CXX_LANGUAGE_STANDARD = "gnu++14";
				CLANG_CXX_LIBRARY = "libc++";
				CLANG_ENABLE_MODULES = YES;
				CLANG_ENABLE_OBJC_ARC = YES;
				CLANG_ENABLE_OBJC_WEAK = YES;
				CLANG_WARN_BLOCK_CAPTURE_AUTORELEASING = YES;
				CLANG_WARN_BOOL_CONVERSION = YES;
				CLANG_WARN_COMMA = YES;
				CLANG_WARN_CONSTANT_CONVERSION = YES;
				CLANG_WARN_DEPRECATED_OBJC_IMPLEMENTATIONS = YES;
				CLANG_WARN_DIRECT_OBJC_ISA_USAGE = YES_ERROR;
				CLANG_WARN_DOCUMENTATION_COMMENTS = YES;
				CLANG_WARN_EMPTY_BODY = YES;
				CLANG_WARN_ENUM_CONVERSION = YES;
				CLANG_WARN_INFINITE_RECURSION = YES;
				CLANG_WARN_INT_CONVERSION = YES;
				CLANG_WARN_NON_LITERAL_NULL_CONVERSION = YES;
				CLANG_WARN_OBJC_IMPLICIT_RETAIN_SELF = YES;
				CLANG_WARN_OBJC_LITERAL_CONVERSION = YES;
				CLANG_WARN_OBJC_ROOT_CLASS = YES_ERROR;
				CLANG_WARN_RANGE_LOOP_ANALYSIS = YES;
				CLANG_WARN_STRICT_PROTOTYPES = YES;
				CLANG_WARN_SUSPICIOUS_MOVE = YES;
				CLANG_WARN_UNGUARDED_AVAILABILITY = YES_AGGRESSIVE;
				CLANG_WARN_UNREACHABLE_CODE = YES;
				CLANG_WARN__DUPLICATE_METHOD_MATCH = YES;
				COPY_PHASE_STRIP = NO;
				DEBUG_INFORMATION_FORMAT = dwarf;
				ENABLE_STRICT_OBJC_MSGSEND = YES;
				ENABLE_TESTABILITY = YES;
				GCC_C_LANGUAGE_STANDARD = gnu11;
				GCC_DYNAMIC_NO_PIC = NO;
				GCC_NO_COMMON_BLOCKS = YES;
				GCC_OPTIMIZATION_LEVEL = 0;
				GCC_PREPROCESSOR_DEFINITIONS = (
					"DEBUG=1",
					"$(inherited)",
				);
				GCC_WARN_64_TO_32_BIT_CONVERSION = YES;
				GCC_WARN_ABOUT_RETURN_TYPE = YES_ERROR;
				GCC_WARN_UNDECLARED_SELECTOR = YES;
				GCC_WARN_UNINITIALIZED_AUTOS = YES_AGGRESSIVE;
				GCC_WARN_UNUSED_FUNCTION = YES;
				GCC_WARN_UNUSED_VARIABLE = YES;
				IPHONEOS_DEPLOYMENT_TARGET = 13.1;
				MTL_ENABLE_DEBUG_INFO = INCLUDE_SOURCE;
				MTL_FAST_MATH = YES;
				ONLY_ACTIVE_ARCH = YES;
				SDKROOT = iphoneos;
				SWIFT_ACTIVE_COMPILATION_CONDITIONS = DEBUG;
				SWIFT_OPTIMIZATION_LEVEL = "-Onone";
			};
			name = Debug;
		};
		5258E2022362948A0037037F /* Release */ = {
			isa = XCBuildConfiguration;
			buildSettings = {
				ALWAYS_SEARCH_USER_PATHS = NO;
				CLANG_ANALYZER_NONNULL = YES;
				CLANG_ANALYZER_NUMBER_OBJECT_CONVERSION = YES_AGGRESSIVE;
				CLANG_CXX_LANGUAGE_STANDARD = "gnu++14";
				CLANG_CXX_LIBRARY = "libc++";
				CLANG_ENABLE_MODULES = YES;
				CLANG_ENABLE_OBJC_ARC = YES;
				CLANG_ENABLE_OBJC_WEAK = YES;
				CLANG_WARN_BLOCK_CAPTURE_AUTORELEASING = YES;
				CLANG_WARN_BOOL_CONVERSION = YES;
				CLANG_WARN_COMMA = YES;
				CLANG_WARN_CONSTANT_CONVERSION = YES;
				CLANG_WARN_DEPRECATED_OBJC_IMPLEMENTATIONS = YES;
				CLANG_WARN_DIRECT_OBJC_ISA_USAGE = YES_ERROR;
				CLANG_WARN_DOCUMENTATION_COMMENTS = YES;
				CLANG_WARN_EMPTY_BODY = YES;
				CLANG_WARN_ENUM_CONVERSION = YES;
				CLANG_WARN_INFINITE_RECURSION = YES;
				CLANG_WARN_INT_CONVERSION = YES;
				CLANG_WARN_NON_LITERAL_NULL_CONVERSION = YES;
				CLANG_WARN_OBJC_IMPLICIT_RETAIN_SELF = YES;
				CLANG_WARN_OBJC_LITERAL_CONVERSION = YES;
				CLANG_WARN_OBJC_ROOT_CLASS = YES_ERROR;
				CLANG_WARN_RANGE_LOOP_ANALYSIS = YES;
				CLANG_WARN_STRICT_PROTOTYPES = YES;
				CLANG_WARN_SUSPICIOUS_MOVE = YES;
				CLANG_WARN_UNGUARDED_AVAILABILITY = YES_AGGRESSIVE;
				CLANG_WARN_UNREACHABLE_CODE = YES;
				CLANG_WARN__DUPLICATE_METHOD_MATCH = YES;
				COPY_PHASE_STRIP = NO;
				DEBUG_INFORMATION_FORMAT = "dwarf-with-dsym";
				ENABLE_NS_ASSERTIONS = NO;
				ENABLE_STRICT_OBJC_MSGSEND = YES;
				GCC_C_LANGUAGE_STANDARD = gnu11;
				GCC_NO_COMMON_BLOCKS = YES;
				GCC_WARN_64_TO_32_BIT_CONVERSION = YES;
				GCC_WARN_ABOUT_RETURN_TYPE = YES_ERROR;
				GCC_WARN_UNDECLARED_SELECTOR = YES;
				GCC_WARN_UNINITIALIZED_AUTOS = YES_AGGRESSIVE;
				GCC_WARN_UNUSED_FUNCTION = YES;
				GCC_WARN_UNUSED_VARIABLE = YES;
				IPHONEOS_DEPLOYMENT_TARGET = 13.1;
				MTL_ENABLE_DEBUG_INFO = NO;
				MTL_FAST_MATH = YES;
				SDKROOT = iphoneos;
				SWIFT_COMPILATION_MODE = wholemodule;
				SWIFT_OPTIMIZATION_LEVEL = "-O";
				VALIDATE_PRODUCT = YES;
			};
			name = Release;
		};
		5258E2042362948A0037037F /* Debug */ = {
			isa = XCBuildConfiguration;
			baseConfigurationReference = 30FBC7FD17F3C140AE7AA077 /* Pods-restaurant.debug.xcconfig */;
			buildSettings = {
				ASSETCATALOG_COMPILER_APPICON_NAME = AppIcon;
				CODE_SIGN_STYLE = Automatic;
				DEVELOPMENT_TEAM = 4F7JSWEM4N;
				INFOPLIST_FILE = restaurant/Info.plist;
				LD_RUNPATH_SEARCH_PATHS = (
					"$(inherited)",
					"@executable_path/Frameworks",
				);
				PRODUCT_BUNDLE_IDENTIFIER = com.celeste.restaurant;
				PRODUCT_NAME = "$(TARGET_NAME)";
				SWIFT_VERSION = 5.0;
				TARGETED_DEVICE_FAMILY = "1,2";
			};
			name = Debug;
		};
		5258E2052362948A0037037F /* Release */ = {
			isa = XCBuildConfiguration;
			baseConfigurationReference = FC8A1218316920532786072B /* Pods-restaurant.release.xcconfig */;
			buildSettings = {
				ASSETCATALOG_COMPILER_APPICON_NAME = AppIcon;
				CODE_SIGN_STYLE = Automatic;
				DEVELOPMENT_TEAM = 4F7JSWEM4N;
				INFOPLIST_FILE = restaurant/Info.plist;
				LD_RUNPATH_SEARCH_PATHS = (
					"$(inherited)",
					"@executable_path/Frameworks",
				);
				PRODUCT_BUNDLE_IDENTIFIER = com.celeste.restaurant;
				PRODUCT_NAME = "$(TARGET_NAME)";
				SWIFT_VERSION = 5.0;
				TARGETED_DEVICE_FAMILY = "1,2";
			};
			name = Release;
		};
/* End XCBuildConfiguration section */

/* Begin XCConfigurationList section */
		5258E1EA236294890037037F /* Build configuration list for PBXProject "restaurant" */ = {
			isa = XCConfigurationList;
			buildConfigurations = (
				5258E2012362948A0037037F /* Debug */,
				5258E2022362948A0037037F /* Release */,
			);
			defaultConfigurationIsVisible = 0;
			defaultConfigurationName = Release;
		};
		5258E2032362948A0037037F /* Build configuration list for PBXNativeTarget "restaurant" */ = {
			isa = XCConfigurationList;
			buildConfigurations = (
				5258E2042362948A0037037F /* Debug */,
				5258E2052362948A0037037F /* Release */,
			);
			defaultConfigurationIsVisible = 0;
			defaultConfigurationName = Release;
		};
/* End XCConfigurationList section */
	};
	rootObject = 5258E1E7236294890037037F /* Project object */;
}
